
Microsoft Visual Studio Solution File, Format Version 12.00
# Visual Studio Version 16
VisualStudioVersion = 16.0.30330.147
MinimumVisualStudioVersion = 10.0.40219.1
Project("{FAE04EC0-301F-11D3-BF4B-00C04F79EFBC}") = "ApiLMP12", "ApiLMP12\ApiLMP12.csproj", "{B98C3C5D-138B-421E-97F1-305756C46BB8}"
EndProject
Global
	GlobalSection(SolutionConfigurationPlatforms) = preSolution
		Debug|Any CPU = Debug|Any CPU
		Release|Any CPU = Release|Any CPU
	EndGlobalSection
	GlobalSection(ProjectConfigurationPlatforms) = postSolution
		{B98C3C5D-138B-421E-97F1-305756C46BB8}.Debug|Any CPU.ActiveCfg = Debug|Any CPU
		{B98C3C5D-138B-421E-97F1-305756C46BB8}.Debug|Any CPU.Build.0 = Debug|Any CPU
		{B98C3C5D-138B-421E-97F1-305756C46BB8}.Release|Any CPU.ActiveCfg = Release|Any CPU
		{B98C3C5D-138B-421E-97F1-305756C46BB8}.Release|Any CPU.Build.0 = Release|Any CPU
	EndGlobalSection
	GlobalSection(SolutionProperties) = preSolution
		HideSolutionNode = FALSE
	EndGlobalSection
	GlobalSection(ExtensibilityGlobals) = postSolution
		SolutionGuid = {4BDC8DAC-5F73-4D4A-8741-18734EBC333B}
	EndGlobalSection
EndGlobal
